# This file is automatically @generated by Cargo.
# It is not intended for manual editing.
version = 3

[[package]]
name = "autocfg"
version = "1.1.0"
source = "registry+https://github.com/rust-lang/crates.io-index"
checksum = "d468802bab17cbc0cc575e9b053f41e72aa36bfa6b7f55e3529ffa43161b97fa"

[[package]]
name = "bitflags"
version = "1.3.2"
source = "registry+https://github.com/rust-lang/crates.io-index"
checksum = "bef38d45163c2f1dde094a7dfd33ccf595c92905c8f8f4fdc18d06fb1037718a"

[[package]]
name = "bolt-libelf"
version = "0.1.0"
source = "git+https://github.com/bolt-os/libelf#6239385c8d9dfc3ed93b5a580d97001f748160af"
dependencies = [
 "bitflags",
]

[[package]]
name = "fdt"
version = "0.1.4"
source = "registry+https://github.com/rust-lang/crates.io-index"
checksum = "964f5becd44d069dca0beea2b4bc05639ae7bf3b3f5369c295aff360bb57cca2"

[[package]]
name = "gimli"
version = "0.26.2"
source = "registry+https://github.com/rust-lang/crates.io-index"
checksum = "22030e2c5a68ec659fde1e949a745124b48e6fa8b045b7ed5bd1fe4ccc5c4e5d"

[[package]]
name = "libsa"
version = "0.1.0"
source = "git+https://github.com/bolt-os/libsa#c1b4f90484fef06623da3daa7e4add9c863d178e"

[[package]]
name = "limine"
version = "0.1.0"
source = "git+https://github.com/bolt-os/limine-rs#257f091e76783486b452a5281880abc2d7fe3fa3"
dependencies = [
 "bitflags",
]

[[package]]
name = "lock_api"
version = "0.4.7"
source = "registry+https://github.com/rust-lang/crates.io-index"
checksum = "327fa5b6a6940e4699ec49a9beae1ea4845c6bab9314e4f84ac68742139d8c53"
dependencies = [
 "autocfg",
 "scopeguard",
]

[[package]]
name = "rustc-demangle"
version = "0.1.21"
source = "registry+https://github.com/rust-lang/crates.io-index"
checksum = "7ef03e0a2b150c7a90d01faf6254c9c48a41e95fb2a8c2ac1c6f0d2b9aefc342"

[[package]]
name = "scopeguard"
version = "1.1.0"
source = "registry+https://github.com/rust-lang/crates.io-index"
checksum = "d29ab0c6d3fc0ee92fe66e2d99f700eab17a8d57d1c1d3b748380fb20baa78cd"

[[package]]
name = "spark"
version = "0.1.0"
dependencies = [
 "bitflags",
 "bolt-libelf",
 "fdt",
 "libsa",
 "limine",
 "rustc-demangle",
 "spin",
 "unwinding",
]

[[package]]
name = "spin"
version = "0.9.4"
source = "registry+https://github.com/rust-lang/crates.io-index"
checksum = "7f6002a767bff9e83f8eeecf883ecb8011875a21ae8da43bffb817a57e78cc09"
dependencies = [
 "lock_api",
]

[[package]]
name = "unwinding"
version = "0.1.4"
source = "registry+https://github.com/rust-lang/crates.io-index"
checksum = "76b094d871608c32cdc2cc06ade39d8dc8c99ce95cbc528c1dcf7434319a1faf"
dependencies = [
 "gimli",
]
