# This file is automatically @generated by Cargo.
# It is not intended for manual editing.
version = 3

[[package]]
name = "acpi"
version = "0.1.0"
source = "git+https://github.com/bolt-os/acpi?rev=8b1520a#8b1520afed494ac2079b5fc939a4699b3a401471"
dependencies = [
 "bitflags 1.3.2",
 "log",
]

[[package]]
name = "anyhow"
version = "1.0.72"
source = "registry+https://github.com/rust-lang/crates.io-index"
checksum = "3b13c32d80ecc7ab747b80c3784bce54ee8a7a0cc4fbda9bf4cda2cf6fe90854"

[[package]]
name = "autocfg"
version = "1.1.0"
source = "registry+https://github.com/rust-lang/crates.io-index"
checksum = "d468802bab17cbc0cc575e9b053f41e72aa36bfa6b7f55e3529ffa43161b97fa"

[[package]]
name = "bitflags"
version = "1.3.2"
source = "registry+https://github.com/rust-lang/crates.io-index"
checksum = "bef38d45163c2f1dde094a7dfd33ccf595c92905c8f8f4fdc18d06fb1037718a"

[[package]]
name = "bitflags"
version = "2.3.3"
source = "registry+https://github.com/rust-lang/crates.io-index"
checksum = "630be753d4e58660abd17930c71b647fe46c27ea6b63cc59e1e3851406972e42"

[[package]]
name = "bolt-libelf"
version = "0.1.0"
source = "git+https://github.com/bolt-os/libelf#8218b5b7e4371aed920523bd8dabdc9a2dc04df7"
dependencies = [
 "bitflags 1.3.2",
]

[[package]]
name = "fdt"
version = "0.1.5"
source = "registry+https://github.com/rust-lang/crates.io-index"
checksum = "784a4df722dc6267a04af36895398f59d21d07dce47232adf31ec0ff2fa45e67"

[[package]]
name = "gimli"
version = "0.26.2"
source = "registry+https://github.com/rust-lang/crates.io-index"
checksum = "22030e2c5a68ec659fde1e949a745124b48e6fa8b045b7ed5bd1fe4ccc5c4e5d"

[[package]]
name = "libsa"
version = "0.1.0"
source = "git+https://github.com/bolt-os/libsa#b5f0a9af7e6cd1426418b7e5f9678f97b3e00fd3"

[[package]]
name = "limine"
version = "0.1.0"
source = "git+https://github.com/bolt-os/limine-rs?rev=85f7db3#85f7db3f7835991977efd07913317c0877bb9e1a"
dependencies = [
 "bitflags 1.3.2",
 "uuid",
]

[[package]]
name = "lock_api"
version = "0.4.10"
source = "registry+https://github.com/rust-lang/crates.io-index"
checksum = "c1cc9717a20b1bb222f333e6a92fd32f7d8a18ddc5a3191a11af45dcbf4dcd16"
dependencies = [
 "autocfg",
 "scopeguard",
]

[[package]]
name = "log"
version = "0.4.19"
source = "registry+https://github.com/rust-lang/crates.io-index"
checksum = "b06a4cde4c0f271a446782e3eff8de789548ce57dbc8eca9292c27f4a42004b4"

[[package]]
name = "rustc-demangle"
version = "0.1.23"
source = "registry+https://github.com/rust-lang/crates.io-index"
checksum = "d626bb9dae77e28219937af045c257c28bfd3f69333c512553507f5f9798cb76"

[[package]]
name = "sbi"
version = "0.2.0"
source = "registry+https://github.com/rust-lang/crates.io-index"
checksum = "29cb0870400aca7e4487e8ec1e93f9d4288da763cb1da2cedc5102e62b6522ad"

[[package]]
name = "scopeguard"
version = "1.2.0"
source = "registry+https://github.com/rust-lang/crates.io-index"
checksum = "94143f37725109f92c262ed2cf5e59bce7498c01bcc1502d7b9afe439a4e9f49"

[[package]]
name = "spark"
version = "0.1.0"
dependencies = [
 "acpi",
 "anyhow",
 "bitflags 2.3.3",
 "bolt-libelf",
 "fdt",
 "libsa",
 "limine",
 "log",
 "rustc-demangle",
 "sbi",
 "spin",
 "uefi",
 "unwinding",
 "uuid",
]

[[package]]
name = "spin"
version = "0.9.8"
source = "registry+https://github.com/rust-lang/crates.io-index"
checksum = "6980e8d7511241f8acf4aebddbb1ff938df5eebe98691418c4468d0b72a96a67"
dependencies = [
 "lock_api",
]

[[package]]
name = "uefi"
version = "0.1.0"
source = "git+https://github.com/bolt-os/uefi?rev=d1510e3#d1510e368fba5dd63cf63f810d28137c15ec55b4"
dependencies = [
 "bitflags 1.3.2",
 "limine",
]

[[package]]
name = "unwinding"
version = "0.2.0"
source = "registry+https://github.com/rust-lang/crates.io-index"
checksum = "4ee215fc0991fb587275819562685254302112d0b7c8d25e635655526c0ecdc6"
dependencies = [
 "gimli",
]

[[package]]
name = "uuid"
version = "1.4.1"
source = "registry+https://github.com/rust-lang/crates.io-index"
checksum = "79daa5ed5740825c40b389c5e50312b9c86df53fccd33f281df655642b43869d"
