# This file is automatically @generated by Cargo.
# It is not intended for manual editing.
version = 3

[[package]]
name = "acpi"
version = "0.1.0"
source = "git+https://github.com/bolt-os/acpi?rev=8b1520a#8b1520afed494ac2079b5fc939a4699b3a401471"
dependencies = [
 "bitflags 1.3.2",
 "log",
]

[[package]]
name = "anyhow"
version = "1.0.75"
source = "registry+https://github.com/rust-lang/crates.io-index"
checksum = "a4668cab20f66d8d020e1fbc0ebe47217433c1b6c8f2040faf858554e394ace6"

[[package]]
name = "autocfg"
version = "1.1.0"
source = "registry+https://github.com/rust-lang/crates.io-index"
checksum = "d468802bab17cbc0cc575e9b053f41e72aa36bfa6b7f55e3529ffa43161b97fa"

[[package]]
name = "bitflags"
version = "1.3.2"
source = "registry+https://github.com/rust-lang/crates.io-index"
checksum = "bef38d45163c2f1dde094a7dfd33ccf595c92905c8f8f4fdc18d06fb1037718a"

[[package]]
name = "bitflags"
version = "2.4.1"
source = "registry+https://github.com/rust-lang/crates.io-index"
checksum = "327762f6e5a765692301e5bb513e0d9fef63be86bbc14528052b1cd3e6f03e07"

[[package]]
name = "bolt-libelf"
version = "0.1.0"
source = "git+https://github.com/bolt-os/libelf#1f562d76d9aa084a965b76f45e57b13fc8bd5745"
dependencies = [
 "bitflags 1.3.2",
]

[[package]]
name = "fdt"
version = "0.1.5"
source = "registry+https://github.com/rust-lang/crates.io-index"
checksum = "784a4df722dc6267a04af36895398f59d21d07dce47232adf31ec0ff2fa45e67"

[[package]]
name = "gimli"
version = "0.28.0"
source = "registry+https://github.com/rust-lang/crates.io-index"
checksum = "6fb8d784f27acf97159b40fc4db5ecd8aa23b9ad5ef69cdd136d3bc80665f0c0"

[[package]]
name = "libsa"
version = "0.1.0"
source = "git+https://github.com/bolt-os/libsa#94944212c9b0a7deedc6d4522697a7fb27ad388c"

[[package]]
name = "limine"
version = "0.1.0"
source = "git+https://github.com/bolt-os/limine-rs?rev=85f7db3#85f7db3f7835991977efd07913317c0877bb9e1a"
dependencies = [
 "bitflags 1.3.2",
 "uuid",
]

[[package]]
name = "linkset"
version = "0.1.0"
source = "git+https://github.com/xvanc/linkset.git#5fb342e3f1ee18009c9e8716d6987f34f6f13507"
dependencies = [
 "spin",
]

[[package]]
name = "lock_api"
version = "0.4.11"
source = "registry+https://github.com/rust-lang/crates.io-index"
checksum = "3c168f8615b12bc01f9c17e2eb0cc07dcae1940121185446edc3744920e8ef45"
dependencies = [
 "autocfg",
 "scopeguard",
]

[[package]]
name = "log"
version = "0.4.20"
source = "registry+https://github.com/rust-lang/crates.io-index"
checksum = "b5e6163cb8c49088c2c36f57875e58ccd8c87c7427f7fbd50ea6710b2f3f2e8f"

[[package]]
name = "sbi"
version = "0.2.0"
source = "registry+https://github.com/rust-lang/crates.io-index"
checksum = "29cb0870400aca7e4487e8ec1e93f9d4288da763cb1da2cedc5102e62b6522ad"

[[package]]
name = "scopeguard"
version = "1.2.0"
source = "registry+https://github.com/rust-lang/crates.io-index"
checksum = "94143f37725109f92c262ed2cf5e59bce7498c01bcc1502d7b9afe439a4e9f49"

[[package]]
name = "spark"
version = "0.1.0"
dependencies = [
 "acpi",
 "anyhow",
 "bitflags 2.4.1",
 "bolt-libelf",
 "fdt",
 "libsa",
 "limine",
 "linkset",
 "log",
 "sbi",
 "spin",
 "uefi",
 "unwinding",
 "uuid",
]

[[package]]
name = "spin"
version = "0.9.8"
source = "registry+https://github.com/rust-lang/crates.io-index"
checksum = "6980e8d7511241f8acf4aebddbb1ff938df5eebe98691418c4468d0b72a96a67"
dependencies = [
 "lock_api",
]

[[package]]
name = "uefi"
version = "0.1.0"
source = "git+https://github.com/bolt-os/uefi?rev=d1510e3#d1510e368fba5dd63cf63f810d28137c15ec55b4"
dependencies = [
 "bitflags 1.3.2",
 "limine",
]

[[package]]
name = "unwinding"
version = "0.2.1"
source = "registry+https://github.com/rust-lang/crates.io-index"
checksum = "37a19a21a537f635c16c7576f22d0f2f7d63353c1337ad4ce0d8001c7952a25b"
dependencies = [
 "gimli",
]

[[package]]
name = "uuid"
version = "1.5.0"
source = "registry+https://github.com/rust-lang/crates.io-index"
checksum = "88ad59a7560b41a70d191093a945f0b87bc1deeda46fb237479708a1d6b6cdfc"
